
Microsoft Visual Studio Solution File, Format Version 12.00
# Visual Studio Version 17
VisualStudioVersion = 17.3.32825.248
MinimumVisualStudioVersion = 10.0.40219.1
Project("{FAE04EC0-301F-11D3-BF4B-00C04F79EFBC}") = "FabricApp", "FabricApp.csproj", "{64608185-B635-4935-B5FB-8F676C715E09}"
EndProject
Global
	GlobalSection(SolutionConfigurationPlatforms) = preSolution
		Debug|Any CPU = Debug|Any CPU
		Release|Any CPU = Release|Any CPU
	EndGlobalSection
	GlobalSection(ProjectConfigurationPlatforms) = postSolution
		{64608185-B635-4935-B5FB-8F676C715E09}.Debug|Any CPU.ActiveCfg = Debug|Any CPU
		{64608185-B635-4935-B5FB-8F676C715E09}.Debug|Any CPU.Build.0 = Debug|Any CPU
		{64608185-B635-4935-B5FB-8F676C715E09}.Release|Any CPU.ActiveCfg = Release|Any CPU
		{64608185-B635-4935-B5FB-8F676C715E09}.Release|Any CPU.Build.0 = Release|Any CPU
	EndGlobalSection
	GlobalSection(SolutionProperties) = preSolution
		HideSolutionNode = FALSE
	EndGlobalSection
	GlobalSection(ExtensibilityGlobals) = postSolution
		SolutionGuid = {9460A63B-025C-4008-A09A-3E1CABA9AEA2}
	EndGlobalSection
EndGlobal
